
Microsoft Visual Studio Solution File, Format Version 10.00
# Visual C# Express 2008
Project("{FAE04EC0-301F-11D3-BF4B-00C04F79EFBC}") = "DDDReaderV1", "DDDReaderV1.csproj", "{CA0AE9A2-5EB6-4251-B66A-5F373C6096AF}"
EndProject
Global
	GlobalSection(SolutionConfigurationPlatforms) = preSolution
		Debug|Any CPU = Debug|Any CPU
		Release|Any CPU = Release|Any CPU
	EndGlobalSection
	GlobalSection(ProjectConfigurationPlatforms) = postSolution
		{CA0AE9A2-5EB6-4251-B66A-5F373C6096AF}.Debug|Any CPU.ActiveCfg = Debug|Any CPU
		{CA0AE9A2-5EB6-4251-B66A-5F373C6096AF}.Debug|Any CPU.Build.0 = Debug|Any CPU
		{CA0AE9A2-5EB6-4251-B66A-5F373C6096AF}.Release|Any CPU.ActiveCfg = Release|Any CPU
		{CA0AE9A2-5EB6-4251-B66A-5F373C6096AF}.Release|Any CPU.Build.0 = Release|Any CPU
	EndGlobalSection
	GlobalSection(SolutionProperties) = preSolution
		HideSolutionNode = FALSE
	EndGlobalSection
EndGlobal
